<?xml version="1.0" encoding="utf-8"?>
<Project ToolsVersion="4.0" xmlns="http://schemas.microsoft.com/developer/msbuild/2003">
    <ItemGroup>
        <Filter Include="Src">
            <UniqueIdentifier>{a007c43b-d9a7-48d1-afcf-4377c4445958}</UniqueIdentifier>
        </Filter>
        <Filter Include="Src\Player">
            <UniqueIdentifier>{df758137-4fca-467f-b112-33b88c7bd8a3}</UniqueIdentifier>
        </Filter>
        <Filter Include="Src\ImGui">
            <UniqueIdentifier>{2685b2bb-6c46-44d7-855f-2f8e120efd03}</UniqueIdentifier>
        </Filter>
        <Filter Include="Src\AutomaticallyGenerated">
            <UniqueIdentifier>{11093120947741185945}</UniqueIdentifier>
        </Filter>
    </ItemGroup>
    <ItemGroup>
        <ClInclude Include="..\..\Src\Framework\ImGui\imconfig.h">
            <Filter>Src\ImGui</Filter>
        </ClInclude>
        <ClInclude Include="..\..\Src\Framework\ImGui\imgui.h">
            <Filter>Src\ImGui</Filter>
        </ClInclude>
        <ClInclude Include="..\..\Src\Framework\ImGui\imgui_impl_dx12.h">
            <Filter>Src\ImGui</Filter>
        </ClInclude>
        <ClInclude Include="..\..\Src\Framework\ImGui\imgui_impl_win32.h">
            <Filter>Src\ImGui</Filter>
        </ClInclude>
        <ClInclude Include="..\..\Src\Framework\ImGui\imgui_internal.h">
            <Filter>Src\ImGui</Filter>
        </ClInclude>
        <ClInclude Include="..\..\Src\Framework\ImGui\imgui_stdlib.h">
            <Filter>Src\ImGui</Filter>
        </ClInclude>
        <ClInclude Include="..\..\Src\Framework\ImGui\ImGuizmo.h">
            <Filter>Src\ImGui</Filter>
        </ClInclude>
        <ClInclude Include="..\..\Src\Framework\ImGui\imstb_rectpack.h">
            <Filter>Src\ImGui</Filter>
        </ClInclude>
        <ClInclude Include="..\..\Src\Framework\ImGui\imstb_textedit.h">
            <Filter>Src\ImGui</Filter>
        </ClInclude>
        <ClInclude Include="..\..\Src\Framework\ImGui\imstb_truetype.h">
            <Filter>Src\ImGui</Filter>
        </ClInclude>
        <ClInclude Include="..\..\Src\Framework\ImGui\ja_glyph_ranges.h">
            <Filter>Src\ImGui</Filter>
        </ClInclude>
        <ClInclude Include="Src/AutomaticallyGenerated/PlayerComponentAutomaticallyGenerated.hh">
            <Filter>Src\AutomaticallyGenerated</Filter>
        </ClInclude>
    </ItemGroup>
    <ItemGroup>
        <None Include="..\..\ScriptModule\Player\Player.cxx">
            <Filter>Src\Player</Filter>
        </None>
        <ClCompile Include="Src\Pch.cc">
            <Filter>Src</Filter>
        </ClCompile>
        <ClCompile Include="..\..\Src\Framework\ImGui\imgui.cpp">
            <Filter>Src\ImGui</Filter>
        </ClCompile>
        <ClCompile Include="..\..\Src\Framework\ImGui\imgui_demo.cpp">
            <Filter>Src\ImGui</Filter>
        </ClCompile>
        <ClCompile Include="..\..\Src\Framework\ImGui\imgui_draw.cpp">
            <Filter>Src\ImGui</Filter>
        </ClCompile>
        <ClCompile Include="..\..\Src\Framework\ImGui\imgui_impl_dx12.cpp">
            <Filter>Src\ImGui</Filter>
        </ClCompile>
        <ClCompile Include="..\..\Src\Framework\ImGui\imgui_impl_win32.cpp">
            <Filter>Src\ImGui</Filter>
        </ClCompile>
        <ClCompile Include="..\..\Src\Framework\ImGui\imgui_stdlib.cpp">
            <Filter>Src\ImGui</Filter>
        </ClCompile>
        <ClCompile Include="..\..\Src\Framework\ImGui\imgui_tables.cpp">
            <Filter>Src\ImGui</Filter>
        </ClCompile>
        <ClCompile Include="..\..\Src\Framework\ImGui\imgui_widgets.cpp">
            <Filter>Src\ImGui</Filter>
        </ClCompile>
        <ClCompile Include="..\..\Src\Framework\ImGui\ImGuizmo.cpp">
            <Filter>Src\ImGui</Filter>
        </ClCompile>
        <ClCompile Include="Src/AutomaticallyGenerated/PlayerAutomaticallyGenerated.c++">
            <Filter>Src\AutomaticallyGenerated</Filter>
        </ClCompile>
    </ItemGroup>
    <ItemGroup>
        <None Include="packages.config"/>
    </ItemGroup>
</Project>
