<Solution>
    <Configurations>
        <Platform Name="Any CPU"/>
        <Platform Name="x64"/>
        <Platform Name="x86"/>
    </Configurations>
    <Project Path="FlProject-DX12.vcxproj" Id="d447eb13-5a71-4dab-ac0a-88e8530582f7"/>
    <Project Path="StaticLib/FlCrypter/FlCrypter.vcxproj" Id="f53200f7-3b83-49a0-9407-ed490666ec07"/>
</Solution>
