
Microsoft Visual Studio Solution File, Format Version 12.00
# Visual Studio Version 18
VisualStudioVersion = 18.0.11205.157
MinimumVisualStudioVersion = 10.0.40219.1
Project("{8BC9CEB8-8B4A-11D0-8D11-00A0C91BC942}") = "FlProject-DX12", "FlProject-DX12.vcxproj", "{D447EB13-5A71-4DAB-AC0A-88E8530582F7}"
EndProject
Project("{8BC9CEB8-8B4A-11D0-8D11-00A0C91BC942}") = "FlCrypter", "StaticLib\FlCrypter\FlCrypter.vcxproj", "{F53200F7-3B83-49A0-9407-ED490666EC07}"
EndProject
Project("{8BC9CEB8-8B4A-11D0-8D11-00A0C91BC942}") = "Reincarnation", "DynamicLib\Reincarnation\Reincarnation.vcxproj", "{54FFAF75-4BF8-48C2-8FC4-596C62F432B4}"
EndProject
Project("{8BC9CEB8-8B4A-11D0-8D11-00A0C91BC942}") = "Player", "DynamicLib\Player\Player.vcxproj", "{0BE487BE-9A4B-41EB-8526-58ECE42932F6}"
EndProject
Global
	GlobalSection(SolutionConfigurationPlatforms) = preSolution
		Debug|Any CPU = Debug|Any CPU
		Debug|x64 = Debug|x64
		Debug|x86 = Debug|x86
		Release|Any CPU = Release|Any CPU
		Release|x64 = Release|x64
		Release|x86 = Release|x86
	EndGlobalSection
	GlobalSection(ProjectConfigurationPlatforms) = postSolution
		{D447EB13-5A71-4DAB-AC0A-88E8530582F7}.Debug|Any CPU.ActiveCfg = Debug|x64
		{D447EB13-5A71-4DAB-AC0A-88E8530582F7}.Debug|Any CPU.Build.0 = Debug|x64
		{D447EB13-5A71-4DAB-AC0A-88E8530582F7}.Debug|x64.ActiveCfg = Debug|x64
		{D447EB13-5A71-4DAB-AC0A-88E8530582F7}.Debug|x64.Build.0 = Debug|x64
		{D447EB13-5A71-4DAB-AC0A-88E8530582F7}.Debug|x86.ActiveCfg = Debug|Win32
		{D447EB13-5A71-4DAB-AC0A-88E8530582F7}.Debug|x86.Build.0 = Debug|Win32
		{D447EB13-5A71-4DAB-AC0A-88E8530582F7}.Release|Any CPU.ActiveCfg = Release|x64
		{D447EB13-5A71-4DAB-AC0A-88E8530582F7}.Release|Any CPU.Build.0 = Release|x64
		{D447EB13-5A71-4DAB-AC0A-88E8530582F7}.Release|x64.ActiveCfg = Release|x64
		{D447EB13-5A71-4DAB-AC0A-88E8530582F7}.Release|x64.Build.0 = Release|x64
		{D447EB13-5A71-4DAB-AC0A-88E8530582F7}.Release|x86.ActiveCfg = Release|Win32
		{D447EB13-5A71-4DAB-AC0A-88E8530582F7}.Release|x86.Build.0 = Release|Win32
		{F53200F7-3B83-49A0-9407-ED490666EC07}.Debug|Any CPU.ActiveCfg = Debug|x64
		{F53200F7-3B83-49A0-9407-ED490666EC07}.Debug|Any CPU.Build.0 = Debug|x64
		{F53200F7-3B83-49A0-9407-ED490666EC07}.Debug|x64.ActiveCfg = Debug|x64
		{F53200F7-3B83-49A0-9407-ED490666EC07}.Debug|x64.Build.0 = Debug|x64
		{F53200F7-3B83-49A0-9407-ED490666EC07}.Debug|x86.ActiveCfg = Debug|Win32
		{F53200F7-3B83-49A0-9407-ED490666EC07}.Debug|x86.Build.0 = Debug|Win32
		{F53200F7-3B83-49A0-9407-ED490666EC07}.Release|Any CPU.ActiveCfg = Release|x64
		{F53200F7-3B83-49A0-9407-ED490666EC07}.Release|Any CPU.Build.0 = Release|x64
		{F53200F7-3B83-49A0-9407-ED490666EC07}.Release|x64.ActiveCfg = Release|x64
		{F53200F7-3B83-49A0-9407-ED490666EC07}.Release|x64.Build.0 = Release|x64
		{F53200F7-3B83-49A0-9407-ED490666EC07}.Release|x86.ActiveCfg = Release|Win32
		{F53200F7-3B83-49A0-9407-ED490666EC07}.Release|x86.Build.0 = Release|Win32
		{54FFAF75-4BF8-48C2-8FC4-596C62F432B4}.Debug|Any CPU.ActiveCfg = Debug|x64
		{54FFAF75-4BF8-48C2-8FC4-596C62F432B4}.Debug|Any CPU.Build.0 = Debug|x64
		{54FFAF75-4BF8-48C2-8FC4-596C62F432B4}.Debug|x64.ActiveCfg = Debug|x64
		{54FFAF75-4BF8-48C2-8FC4-596C62F432B4}.Debug|x64.Build.0 = Debug|x64
		{54FFAF75-4BF8-48C2-8FC4-596C62F432B4}.Debug|x86.ActiveCfg = Debug|Win32
		{54FFAF75-4BF8-48C2-8FC4-596C62F432B4}.Debug|x86.Build.0 = Debug|Win32
		{54FFAF75-4BF8-48C2-8FC4-596C62F432B4}.Release|Any CPU.ActiveCfg = Release|x64
		{54FFAF75-4BF8-48C2-8FC4-596C62F432B4}.Release|Any CPU.Build.0 = Release|x64
		{54FFAF75-4BF8-48C2-8FC4-596C62F432B4}.Release|x64.ActiveCfg = Release|x64
		{54FFAF75-4BF8-48C2-8FC4-596C62F432B4}.Release|x64.Build.0 = Release|x64
		{54FFAF75-4BF8-48C2-8FC4-596C62F432B4}.Release|x86.ActiveCfg = Release|Win32
		{54FFAF75-4BF8-48C2-8FC4-596C62F432B4}.Release|x86.Build.0 = Release|Win32
		{0BE487BE-9A4B-41EB-8526-58ECE42932F6}.Debug|Any CPU.ActiveCfg = Debug|x64
		{0BE487BE-9A4B-41EB-8526-58ECE42932F6}.Debug|Any CPU.Build.0 = Debug|x64
		{0BE487BE-9A4B-41EB-8526-58ECE42932F6}.Debug|x64.ActiveCfg = Debug|x64
		{0BE487BE-9A4B-41EB-8526-58ECE42932F6}.Debug|x64.Build.0 = Debug|x64
		{0BE487BE-9A4B-41EB-8526-58ECE42932F6}.Debug|x86.ActiveCfg = Debug|Win32
		{0BE487BE-9A4B-41EB-8526-58ECE42932F6}.Debug|x86.Build.0 = Debug|Win32
		{0BE487BE-9A4B-41EB-8526-58ECE42932F6}.Release|Any CPU.ActiveCfg = Release|x64
		{0BE487BE-9A4B-41EB-8526-58ECE42932F6}.Release|Any CPU.Build.0 = Release|x64
		{0BE487BE-9A4B-41EB-8526-58ECE42932F6}.Release|x64.ActiveCfg = Release|x64
		{0BE487BE-9A4B-41EB-8526-58ECE42932F6}.Release|x64.Build.0 = Release|x64
		{0BE487BE-9A4B-41EB-8526-58ECE42932F6}.Release|x86.ActiveCfg = Release|Win32
		{0BE487BE-9A4B-41EB-8526-58ECE42932F6}.Release|x86.Build.0 = Release|Win32
		{C9719AA9-86A5-4A2D-AC60-E6FFE3FBADC4}.Debug|Any CPU.ActiveCfg = Debug|x64
		{C9719AA9-86A5-4A2D-AC60-E6FFE3FBADC4}.Debug|Any CPU.Build.0 = Debug|x64
		{C9719AA9-86A5-4A2D-AC60-E6FFE3FBADC4}.Debug|x64.ActiveCfg = Debug|x64
		{C9719AA9-86A5-4A2D-AC60-E6FFE3FBADC4}.Debug|x64.Build.0 = Debug|x64
		{C9719AA9-86A5-4A2D-AC60-E6FFE3FBADC4}.Debug|x86.ActiveCfg = Debug|Win32
		{C9719AA9-86A5-4A2D-AC60-E6FFE3FBADC4}.Debug|x86.Build.0 = Debug|Win32
		{C9719AA9-86A5-4A2D-AC60-E6FFE3FBADC4}.Release|Any CPU.ActiveCfg = Release|x64
		{C9719AA9-86A5-4A2D-AC60-E6FFE3FBADC4}.Release|Any CPU.Build.0 = Release|x64
		{C9719AA9-86A5-4A2D-AC60-E6FFE3FBADC4}.Release|x64.ActiveCfg = Release|x64
		{C9719AA9-86A5-4A2D-AC60-E6FFE3FBADC4}.Release|x64.Build.0 = Release|x64
		{C9719AA9-86A5-4A2D-AC60-E6FFE3FBADC4}.Release|x86.ActiveCfg = Release|Win32
		{C9719AA9-86A5-4A2D-AC60-E6FFE3FBADC4}.Release|x86.Build.0 = Release|Win32
		{4A076D0C-60E5-46DE-B137-9C00FA94DF2B}.Debug|Any CPU.ActiveCfg = Debug|x64
		{4A076D0C-60E5-46DE-B137-9C00FA94DF2B}.Debug|Any CPU.Build.0 = Debug|x64
		{4A076D0C-60E5-46DE-B137-9C00FA94DF2B}.Debug|x64.ActiveCfg = Debug|x64
		{4A076D0C-60E5-46DE-B137-9C00FA94DF2B}.Debug|x64.Build.0 = Debug|x64
		{4A076D0C-60E5-46DE-B137-9C00FA94DF2B}.Debug|x86.ActiveCfg = Debug|Win32
		{4A076D0C-60E5-46DE-B137-9C00FA94DF2B}.Debug|x86.Build.0 = Debug|Win32
		{4A076D0C-60E5-46DE-B137-9C00FA94DF2B}.Release|Any CPU.ActiveCfg = Release|x64
		{4A076D0C-60E5-46DE-B137-9C00FA94DF2B}.Release|Any CPU.Build.0 = Release|x64
		{4A076D0C-60E5-46DE-B137-9C00FA94DF2B}.Release|x64.ActiveCfg = Release|x64
		{4A076D0C-60E5-46DE-B137-9C00FA94DF2B}.Release|x64.Build.0 = Release|x64
		{4A076D0C-60E5-46DE-B137-9C00FA94DF2B}.Release|x86.ActiveCfg = Release|Win32
		{4A076D0C-60E5-46DE-B137-9C00FA94DF2B}.Release|x86.Build.0 = Release|Win32
        {948308e3-850d-4165-9255-9d16e2987173}.Debug|x64.ActiveCfg = Debug|x64
        {948308e3-850d-4165-9255-9d16e2987173}.Debug|x64.Build.0 = Debug|x64
        {948308e3-850d-4165-9255-9d16e2987173}.Debug|x86.ActiveCfg = Debug|x86
        {948308e3-850d-4165-9255-9d16e2987173}.Debug|x86.Build.0 = Debug|x86
        {948308e3-850d-4165-9255-9d16e2987173}.Debug|Any CPU.ActiveCfg = Debug|Any CPU
        {948308e3-850d-4165-9255-9d16e2987173}.Debug|Any CPU.Build.0 = Debug|Any CPU
        {948308e3-850d-4165-9255-9d16e2987173}.Release|x64.ActiveCfg = Release|x64
        {948308e3-850d-4165-9255-9d16e2987173}.Release|x64.Build.0 = Release|x64
        {948308e3-850d-4165-9255-9d16e2987173}.Release|x86.ActiveCfg = Release|x86
        {948308e3-850d-4165-9255-9d16e2987173}.Release|x86.Build.0 = Release|x86
        {948308e3-850d-4165-9255-9d16e2987173}.Release|Any CPU.ActiveCfg = Release|Any CPU
        {948308e3-850d-4165-9255-9d16e2987173}.Release|Any CPU.Build.0 = Release|Any CPU
        {9ee34b9a-85a0-4772-8007-2177afd66cc7}.Debug|x64.ActiveCfg = Debug|x64
        {9ee34b9a-85a0-4772-8007-2177afd66cc7}.Debug|x64.Build.0 = Debug|x64
        {9ee34b9a-85a0-4772-8007-2177afd66cc7}.Debug|x86.ActiveCfg = Debug|x86
        {9ee34b9a-85a0-4772-8007-2177afd66cc7}.Debug|x86.Build.0 = Debug|x86
        {9ee34b9a-85a0-4772-8007-2177afd66cc7}.Debug|Any CPU.ActiveCfg = Debug|Any CPU
        {9ee34b9a-85a0-4772-8007-2177afd66cc7}.Debug|Any CPU.Build.0 = Debug|Any CPU
        {9ee34b9a-85a0-4772-8007-2177afd66cc7}.Release|x64.ActiveCfg = Release|x64
        {9ee34b9a-85a0-4772-8007-2177afd66cc7}.Release|x64.Build.0 = Release|x64
        {9ee34b9a-85a0-4772-8007-2177afd66cc7}.Release|x86.ActiveCfg = Release|x86
        {9ee34b9a-85a0-4772-8007-2177afd66cc7}.Release|x86.Build.0 = Release|x86
        {9ee34b9a-85a0-4772-8007-2177afd66cc7}.Release|Any CPU.ActiveCfg = Release|Any CPU
        {9ee34b9a-85a0-4772-8007-2177afd66cc7}.Release|Any CPU.Build.0 = Release|Any CPU
        {1a11a379-d5fa-4b36-82e6-3ecdf1918ceb}.Debug|x64.ActiveCfg = Debug|x64
        {1a11a379-d5fa-4b36-82e6-3ecdf1918ceb}.Debug|x64.Build.0 = Debug|x64
        {1a11a379-d5fa-4b36-82e6-3ecdf1918ceb}.Debug|x86.ActiveCfg = Debug|x86
        {1a11a379-d5fa-4b36-82e6-3ecdf1918ceb}.Debug|x86.Build.0 = Debug|x86
        {1a11a379-d5fa-4b36-82e6-3ecdf1918ceb}.Debug|Any CPU.ActiveCfg = Debug|Any CPU
        {1a11a379-d5fa-4b36-82e6-3ecdf1918ceb}.Debug|Any CPU.Build.0 = Debug|Any CPU
        {1a11a379-d5fa-4b36-82e6-3ecdf1918ceb}.Release|x64.ActiveCfg = Release|x64
        {1a11a379-d5fa-4b36-82e6-3ecdf1918ceb}.Release|x64.Build.0 = Release|x64
        {1a11a379-d5fa-4b36-82e6-3ecdf1918ceb}.Release|x86.ActiveCfg = Release|x86
        {1a11a379-d5fa-4b36-82e6-3ecdf1918ceb}.Release|x86.Build.0 = Release|x86
        {1a11a379-d5fa-4b36-82e6-3ecdf1918ceb}.Release|Any CPU.ActiveCfg = Release|Any CPU
        {1a11a379-d5fa-4b36-82e6-3ecdf1918ceb}.Release|Any CPU.Build.0 = Release|Any CPU
        {587e8fd1-ada0-4630-91d3-46c189635e22}.Debug|x64.ActiveCfg = Debug|x64
        {587e8fd1-ada0-4630-91d3-46c189635e22}.Debug|x64.Build.0 = Debug|x64
        {587e8fd1-ada0-4630-91d3-46c189635e22}.Debug|x86.ActiveCfg = Debug|x86
        {587e8fd1-ada0-4630-91d3-46c189635e22}.Debug|x86.Build.0 = Debug|x86
        {587e8fd1-ada0-4630-91d3-46c189635e22}.Debug|Any CPU.ActiveCfg = Debug|Any CPU
        {587e8fd1-ada0-4630-91d3-46c189635e22}.Debug|Any CPU.Build.0 = Debug|Any CPU
        {587e8fd1-ada0-4630-91d3-46c189635e22}.Release|x64.ActiveCfg = Release|x64
        {587e8fd1-ada0-4630-91d3-46c189635e22}.Release|x64.Build.0 = Release|x64
        {587e8fd1-ada0-4630-91d3-46c189635e22}.Release|x86.ActiveCfg = Release|x86
        {587e8fd1-ada0-4630-91d3-46c189635e22}.Release|x86.Build.0 = Release|x86
        {587e8fd1-ada0-4630-91d3-46c189635e22}.Release|Any CPU.ActiveCfg = Release|Any CPU
        {587e8fd1-ada0-4630-91d3-46c189635e22}.Release|Any CPU.Build.0 = Release|Any CPU
        {00813e57-fc5d-46f8-9f57-9ab32044c6a9}.Debug|x64.ActiveCfg = Debug|x64
        {00813e57-fc5d-46f8-9f57-9ab32044c6a9}.Debug|x64.Build.0 = Debug|x64
        {00813e57-fc5d-46f8-9f57-9ab32044c6a9}.Debug|x86.ActiveCfg = Debug|x86
        {00813e57-fc5d-46f8-9f57-9ab32044c6a9}.Debug|x86.Build.0 = Debug|x86
        {00813e57-fc5d-46f8-9f57-9ab32044c6a9}.Debug|Any CPU.ActiveCfg = Debug|Any CPU
        {00813e57-fc5d-46f8-9f57-9ab32044c6a9}.Debug|Any CPU.Build.0 = Debug|Any CPU
        {00813e57-fc5d-46f8-9f57-9ab32044c6a9}.Release|x64.ActiveCfg = Release|x64
        {00813e57-fc5d-46f8-9f57-9ab32044c6a9}.Release|x64.Build.0 = Release|x64
        {00813e57-fc5d-46f8-9f57-9ab32044c6a9}.Release|x86.ActiveCfg = Release|x86
        {00813e57-fc5d-46f8-9f57-9ab32044c6a9}.Release|x86.Build.0 = Release|x86
        {00813e57-fc5d-46f8-9f57-9ab32044c6a9}.Release|Any CPU.ActiveCfg = Release|Any CPU
        {00813e57-fc5d-46f8-9f57-9ab32044c6a9}.Release|Any CPU.Build.0 = Release|Any CPU
        {f7769a4e-e13d-4323-81ed-368c1072e081}.Debug|x64.ActiveCfg = Debug|x64
        {f7769a4e-e13d-4323-81ed-368c1072e081}.Debug|x64.Build.0 = Debug|x64
        {f7769a4e-e13d-4323-81ed-368c1072e081}.Debug|x86.ActiveCfg = Debug|x86
        {f7769a4e-e13d-4323-81ed-368c1072e081}.Debug|x86.Build.0 = Debug|x86
        {f7769a4e-e13d-4323-81ed-368c1072e081}.Debug|Any CPU.ActiveCfg = Debug|Any CPU
        {f7769a4e-e13d-4323-81ed-368c1072e081}.Debug|Any CPU.Build.0 = Debug|Any CPU
        {f7769a4e-e13d-4323-81ed-368c1072e081}.Release|x64.ActiveCfg = Release|x64
        {f7769a4e-e13d-4323-81ed-368c1072e081}.Release|x64.Build.0 = Release|x64
        {f7769a4e-e13d-4323-81ed-368c1072e081}.Release|x86.ActiveCfg = Release|x86
        {f7769a4e-e13d-4323-81ed-368c1072e081}.Release|x86.Build.0 = Release|x86
        {f7769a4e-e13d-4323-81ed-368c1072e081}.Release|Any CPU.ActiveCfg = Release|Any CPU
        {f7769a4e-e13d-4323-81ed-368c1072e081}.Release|Any CPU.Build.0 = Release|Any CPU
        {d587e5bb-5f61-4660-81e0-7d6e95fe2dec}.Debug|x64.ActiveCfg = Debug|x64
        {d587e5bb-5f61-4660-81e0-7d6e95fe2dec}.Debug|x64.Build.0 = Debug|x64
        {d587e5bb-5f61-4660-81e0-7d6e95fe2dec}.Debug|x86.ActiveCfg = Debug|x86
        {d587e5bb-5f61-4660-81e0-7d6e95fe2dec}.Debug|x86.Build.0 = Debug|x86
        {d587e5bb-5f61-4660-81e0-7d6e95fe2dec}.Debug|Any CPU.ActiveCfg = Debug|Any CPU
        {d587e5bb-5f61-4660-81e0-7d6e95fe2dec}.Debug|Any CPU.Build.0 = Debug|Any CPU
        {d587e5bb-5f61-4660-81e0-7d6e95fe2dec}.Release|x64.ActiveCfg = Release|x64
        {d587e5bb-5f61-4660-81e0-7d6e95fe2dec}.Release|x64.Build.0 = Release|x64
        {d587e5bb-5f61-4660-81e0-7d6e95fe2dec}.Release|x86.ActiveCfg = Release|x86
        {d587e5bb-5f61-4660-81e0-7d6e95fe2dec}.Release|x86.Build.0 = Release|x86
        {d587e5bb-5f61-4660-81e0-7d6e95fe2dec}.Release|Any CPU.ActiveCfg = Release|Any CPU
        {d587e5bb-5f61-4660-81e0-7d6e95fe2dec}.Release|Any CPU.Build.0 = Release|Any CPU
        {19a30518-0979-4b8c-94e9-ed72c051108b}.Debug|x64.ActiveCfg = Debug|x64
        {19a30518-0979-4b8c-94e9-ed72c051108b}.Debug|x64.Build.0 = Debug|x64
        {19a30518-0979-4b8c-94e9-ed72c051108b}.Debug|x86.ActiveCfg = Debug|x86
        {19a30518-0979-4b8c-94e9-ed72c051108b}.Debug|x86.Build.0 = Debug|x86
        {19a30518-0979-4b8c-94e9-ed72c051108b}.Debug|Any CPU.ActiveCfg = Debug|Any CPU
        {19a30518-0979-4b8c-94e9-ed72c051108b}.Debug|Any CPU.Build.0 = Debug|Any CPU
        {19a30518-0979-4b8c-94e9-ed72c051108b}.Release|x64.ActiveCfg = Release|x64
        {19a30518-0979-4b8c-94e9-ed72c051108b}.Release|x64.Build.0 = Release|x64
        {19a30518-0979-4b8c-94e9-ed72c051108b}.Release|x86.ActiveCfg = Release|x86
        {19a30518-0979-4b8c-94e9-ed72c051108b}.Release|x86.Build.0 = Release|x86
        {19a30518-0979-4b8c-94e9-ed72c051108b}.Release|Any CPU.ActiveCfg = Release|Any CPU
        {19a30518-0979-4b8c-94e9-ed72c051108b}.Release|Any CPU.Build.0 = Release|Any CPU
	EndGlobalSection
	GlobalSection(SolutionProperties) = preSolution
		HideSolutionNode = FALSE
	EndGlobalSection
	GlobalSection(ExtensibilityGlobals) = postSolution
		SolutionGuid = {EBE10C8B-8957-4686-BC2D-6D40D020A290}
	EndGlobalSection
EndGlobal
