<?xml version="1.0" encoding="utf-8"?>
<Project ToolsVersion="4.0" xmlns="http://schemas.microsoft.com/developer/msbuild/2003">
  <ItemGroup>
    <Filter Include="Src">
      <UniqueIdentifier>{304ef3e5-8f57-4799-8abd-bd802a78df8f}</UniqueIdentifier>
    </Filter>
  </ItemGroup>
  <ItemGroup>
    <ClCompile Include="Src\FlThumbnailGenerator.cpp">
      <Filter>Src</Filter>
    </ClCompile>
    <ClCompile Include="Src\Pch.cxx">
      <Filter>Src</Filter>
    </ClCompile>
  </ItemGroup>
  <ItemGroup>
    <ClInclude Include="Src\FlThumbnailGenerator.h">
      <Filter>Src</Filter>
    </ClInclude>
    <ClInclude Include="Src\stb_image_write.h">
      <Filter>Src</Filter>
    </ClInclude>
  </ItemGroup>
  <ItemGroup>
    <None Include="packages.config" />
  </ItemGroup>
</Project>